
Microsoft Visual Studio Solution File, Format Version 12.00
# Visual Studio 14
VisualStudioVersion = 14.0.23107.0
MinimumVisualStudioVersion = 10.0.40219.1
Project("{FAE04EC0-301F-11D3-BF4B-00C04F79EFBC}") = "Homework 3 part 1", "Homework 3 part 1\Homework 3 part 1.csproj", "{F663D0E2-C6B0-4A29-B2EB-3DC850AD4A02}"
EndProject
Project("{FAE04EC0-301F-11D3-BF4B-00C04F79EFBC}") = "Homework 3 part 2", "Homework 3 part 2\Homework 3 part 2.csproj", "{871CB64F-F5B9-4B3E-A3E8-26AD67B0B036}"
EndProject
Project("{FAE04EC0-301F-11D3-BF4B-00C04F79EFBC}") = "Homework 3 part 3", "Homework 3 part 3\Homework 3 part 3.csproj", "{32C7ADFC-8099-479A-B173-5E1B0211F6C7}"
EndProject
Project("{FAE04EC0-301F-11D3-BF4B-00C04F79EFBC}") = "Homework 3 part 4", "Homework 3 part 4\Homework 3 part 4.csproj", "{97B4BB37-7399-45D7-B38C-DF278EE0A2DE}"
EndProject
Project("{FAE04EC0-301F-11D3-BF4B-00C04F79EFBC}") = "Homework 3 part 5", "Homework 3 part 5\Homework 3 part 5.csproj", "{D64AD229-CC79-4368-A442-C60903584EE4}"
EndProject
Project("{FAE04EC0-301F-11D3-BF4B-00C04F79EFBC}") = "Homework 3 part 6", "Homework 3 part 6\Homework 3 part 6.csproj", "{B954B3E1-5639-4BC3-B66B-6CE00AD08F90}"
EndProject
Global
	GlobalSection(SolutionConfigurationPlatforms) = preSolution
		Debug|Any CPU = Debug|Any CPU
		Release|Any CPU = Release|Any CPU
	EndGlobalSection
	GlobalSection(ProjectConfigurationPlatforms) = postSolution
		{F663D0E2-C6B0-4A29-B2EB-3DC850AD4A02}.Debug|Any CPU.ActiveCfg = Debug|Any CPU
		{F663D0E2-C6B0-4A29-B2EB-3DC850AD4A02}.Debug|Any CPU.Build.0 = Debug|Any CPU
		{F663D0E2-C6B0-4A29-B2EB-3DC850AD4A02}.Release|Any CPU.ActiveCfg = Release|Any CPU
		{F663D0E2-C6B0-4A29-B2EB-3DC850AD4A02}.Release|Any CPU.Build.0 = Release|Any CPU
		{871CB64F-F5B9-4B3E-A3E8-26AD67B0B036}.Debug|Any CPU.ActiveCfg = Debug|Any CPU
		{871CB64F-F5B9-4B3E-A3E8-26AD67B0B036}.Debug|Any CPU.Build.0 = Debug|Any CPU
		{871CB64F-F5B9-4B3E-A3E8-26AD67B0B036}.Release|Any CPU.ActiveCfg = Release|Any CPU
		{871CB64F-F5B9-4B3E-A3E8-26AD67B0B036}.Release|Any CPU.Build.0 = Release|Any CPU
		{32C7ADFC-8099-479A-B173-5E1B0211F6C7}.Debug|Any CPU.ActiveCfg = Debug|Any CPU
		{32C7ADFC-8099-479A-B173-5E1B0211F6C7}.Debug|Any CPU.Build.0 = Debug|Any CPU
		{32C7ADFC-8099-479A-B173-5E1B0211F6C7}.Release|Any CPU.ActiveCfg = Release|Any CPU
		{32C7ADFC-8099-479A-B173-5E1B0211F6C7}.Release|Any CPU.Build.0 = Release|Any CPU
		{97B4BB37-7399-45D7-B38C-DF278EE0A2DE}.Debug|Any CPU.ActiveCfg = Debug|Any CPU
		{97B4BB37-7399-45D7-B38C-DF278EE0A2DE}.Debug|Any CPU.Build.0 = Debug|Any CPU
		{97B4BB37-7399-45D7-B38C-DF278EE0A2DE}.Release|Any CPU.ActiveCfg = Release|Any CPU
		{97B4BB37-7399-45D7-B38C-DF278EE0A2DE}.Release|Any CPU.Build.0 = Release|Any CPU
		{D64AD229-CC79-4368-A442-C60903584EE4}.Debug|Any CPU.ActiveCfg = Debug|Any CPU
		{D64AD229-CC79-4368-A442-C60903584EE4}.Debug|Any CPU.Build.0 = Debug|Any CPU
		{D64AD229-CC79-4368-A442-C60903584EE4}.Release|Any CPU.ActiveCfg = Release|Any CPU
		{D64AD229-CC79-4368-A442-C60903584EE4}.Release|Any CPU.Build.0 = Release|Any CPU
		{B954B3E1-5639-4BC3-B66B-6CE00AD08F90}.Debug|Any CPU.ActiveCfg = Debug|Any CPU
		{B954B3E1-5639-4BC3-B66B-6CE00AD08F90}.Debug|Any CPU.Build.0 = Debug|Any CPU
		{B954B3E1-5639-4BC3-B66B-6CE00AD08F90}.Release|Any CPU.ActiveCfg = Release|Any CPU
		{B954B3E1-5639-4BC3-B66B-6CE00AD08F90}.Release|Any CPU.Build.0 = Release|Any CPU
	EndGlobalSection
	GlobalSection(SolutionProperties) = preSolution
		HideSolutionNode = FALSE
	EndGlobalSection
EndGlobal
