
Microsoft Visual Studio Solution File, Format Version 12.00
# Visual Studio 14
VisualStudioVersion = 14.0.23107.0
MinimumVisualStudioVersion = 10.0.40219.1
Project("{FAE04EC0-301F-11D3-BF4B-00C04F79EFBC}") = "Homework 12 part 1", "Homework 12 part 1\Homework 12 part 1.csproj", "{F134B725-E369-419C-94EA-BE0A1F49049F}"
EndProject
Project("{FAE04EC0-301F-11D3-BF4B-00C04F79EFBC}") = "Homework 12 part 2", "Homework 12 part 2\Homework 12 part 2.csproj", "{523DF6B0-EA12-44EE-975E-D3B898ED1A1C}"
EndProject
Project("{FAE04EC0-301F-11D3-BF4B-00C04F79EFBC}") = "Homework 12 part 3", "Homework 12 part 3\Homework 12 part 3.csproj", "{FCB53354-3C14-48FD-BFA7-C687E9D09648}"
EndProject
Global
	GlobalSection(SolutionConfigurationPlatforms) = preSolution
		Debug|Any CPU = Debug|Any CPU
		Release|Any CPU = Release|Any CPU
	EndGlobalSection
	GlobalSection(ProjectConfigurationPlatforms) = postSolution
		{F134B725-E369-419C-94EA-BE0A1F49049F}.Debug|Any CPU.ActiveCfg = Debug|Any CPU
		{F134B725-E369-419C-94EA-BE0A1F49049F}.Debug|Any CPU.Build.0 = Debug|Any CPU
		{F134B725-E369-419C-94EA-BE0A1F49049F}.Release|Any CPU.ActiveCfg = Release|Any CPU
		{F134B725-E369-419C-94EA-BE0A1F49049F}.Release|Any CPU.Build.0 = Release|Any CPU
		{523DF6B0-EA12-44EE-975E-D3B898ED1A1C}.Debug|Any CPU.ActiveCfg = Debug|Any CPU
		{523DF6B0-EA12-44EE-975E-D3B898ED1A1C}.Debug|Any CPU.Build.0 = Debug|Any CPU
		{523DF6B0-EA12-44EE-975E-D3B898ED1A1C}.Release|Any CPU.ActiveCfg = Release|Any CPU
		{523DF6B0-EA12-44EE-975E-D3B898ED1A1C}.Release|Any CPU.Build.0 = Release|Any CPU
		{FCB53354-3C14-48FD-BFA7-C687E9D09648}.Debug|Any CPU.ActiveCfg = Debug|Any CPU
		{FCB53354-3C14-48FD-BFA7-C687E9D09648}.Debug|Any CPU.Build.0 = Debug|Any CPU
		{FCB53354-3C14-48FD-BFA7-C687E9D09648}.Release|Any CPU.ActiveCfg = Release|Any CPU
		{FCB53354-3C14-48FD-BFA7-C687E9D09648}.Release|Any CPU.Build.0 = Release|Any CPU
	EndGlobalSection
	GlobalSection(SolutionProperties) = preSolution
		HideSolutionNode = FALSE
	EndGlobalSection
EndGlobal
